// !$*UTF8*$!
{
	archiveVersion = 1;
	classes = {
	};
	objectVersion = 51;
	objects = {

/* Begin PBXBuildFile section */
		A1251F03B2D3F44FC54CFA68 /* Pods_Self_Learning_Pods.framework in Frameworks */ = {isa = PBXBuildFile; fileRef = 20FE5BC69787513F515D5F62 /* Pods_Self_Learning_Pods.framework */; };
		AF434A08244CA11B0071C5B4 /* AppDelegate.swift in Sources */ = {isa = PBXBuildFile; fileRef = AF434A07244CA11B0071C5B4 /* AppDelegate.swift */; };
		AF434A0A244CA11B0071C5B4 /* SceneDelegate.swift in Sources */ = {isa = PBXBuildFile; fileRef = AF434A09244CA11B0071C5B4 /* SceneDelegate.swift */; };
		AF434A0C244CA11B0071C5B4 /* ViewController.swift in Sources */ = {isa = PBXBuildFile; fileRef = AF434A0B244CA11B0071C5B4 /* ViewController.swift */; };
		AF434A0F244CA11B0071C5B4 /* Main.storyboard in Resources */ = {isa = PBXBuildFile; fileRef = AF434A0D244CA11B0071C5B4 /* Main.storyboard */; };
		AF434A11244CA11C0071C5B4 /* Assets.xcassets in Resources */ = {isa = PBXBuildFile; fileRef = AF434A10244CA11C0071C5B4 /* Assets.xcassets */; };
		AF434A14244CA11C0071C5B4 /* LaunchScreen.storyboard in Resources */ = {isa = PBXBuildFile; fileRef = AF434A12244CA11C0071C5B4 /* LaunchScreen.storyboard */; };
		AF434A1C244CA6400071C5B4 /* Test.swift in Sources */ = {isa = PBXBuildFile; fileRef = AF434A1B244CA6400071C5B4 /* Test.swift */; };
		AF434A1F244CC7140071C5B4 /* EmployeeTableViewCell.swift in Sources */ = {isa = PBXBuildFile; fileRef = AF434A1D244CC7140071C5B4 /* EmployeeTableViewCell.swift */; };
		AF434A20244CC7140071C5B4 /* EmployeeTableViewCell.xib in Resources */ = {isa = PBXBuildFile; fileRef = AF434A1E244CC7140071C5B4 /* EmployeeTableViewCell.xib */; };
		AF434A22244CEC050071C5B4 /* UIImageViewController.swift in Sources */ = {isa = PBXBuildFile; fileRef = AF434A21244CEC050071C5B4 /* UIImageViewController.swift */; };
/* End PBXBuildFile section */

/* Begin PBXFileReference section */
		20FE5BC69787513F515D5F62 /* Pods_Self_Learning_Pods.framework */ = {isa = PBXFileReference; explicitFileType = wrapper.framework; includeInIndex = 0; path = Pods_Self_Learning_Pods.framework; sourceTree = BUILT_PRODUCTS_DIR; };
		488A011E2B578E85778D4DAE /* Pods-Self-Learning-Pods.debug.xcconfig */ = {isa = PBXFileReference; includeInIndex = 1; lastKnownFileType = text.xcconfig; name = "Pods-Self-Learning-Pods.debug.xcconfig"; path = "Target Support Files/Pods-Self-Learning-Pods/Pods-Self-Learning-Pods.debug.xcconfig"; sourceTree = "<group>"; };
		AF434A04244CA11B0071C5B4 /* Self-Learning-Pods.app */ = {isa = PBXFileReference; explicitFileType = wrapper.application; includeInIndex = 0; path = "Self-Learning-Pods.app"; sourceTree = BUILT_PRODUCTS_DIR; };
		AF434A07244CA11B0071C5B4 /* AppDelegate.swift */ = {isa = PBXFileReference; lastKnownFileType = sourcecode.swift; path = AppDelegate.swift; sourceTree = "<group>"; };
		AF434A09244CA11B0071C5B4 /* SceneDelegate.swift */ = {isa = PBXFileReference; lastKnownFileType = sourcecode.swift; path = SceneDelegate.swift; sourceTree = "<group>"; };
		AF434A0B244CA11B0071C5B4 /* ViewController.swift */ = {isa = PBXFileReference; lastKnownFileType = sourcecode.swift; path = ViewController.swift; sourceTree = "<group>"; };
		AF434A0E244CA11B0071C5B4 /* Base */ = {isa = PBXFileReference; lastKnownFileType = file.storyboard; name = Base; path = Base.lproj/Main.storyboard; sourceTree = "<group>"; };
		AF434A10244CA11C0071C5B4 /* Assets.xcassets */ = {isa = PBXFileReference; lastKnownFileType = folder.assetcatalog; path = Assets.xcassets; sourceTree = "<group>"; };
		AF434A13244CA11C0071C5B4 /* Base */ = {isa = PBXFileReference; lastKnownFileType = file.storyboard; name = Base; path = Base.lproj/LaunchScreen.storyboard; sourceTree = "<group>"; };
		AF434A15244CA11C0071C5B4 /* Info.plist */ = {isa = PBXFileReference; lastKnownFileType = text.plist.xml; path = Info.plist; sourceTree = "<group>"; };
		AF434A1B244CA6400071C5B4 /* Test.swift */ = {isa = PBXFileReference; lastKnownFileType = sourcecode.swift; path = Test.swift; sourceTree = "<group>"; };
		AF434A1D244CC7140071C5B4 /* EmployeeTableViewCell.swift */ = {isa = PBXFileReference; lastKnownFileType = sourcecode.swift; path = EmployeeTableViewCell.swift; sourceTree = "<group>"; };
		AF434A1E244CC7140071C5B4 /* EmployeeTableViewCell.xib */ = {isa = PBXFileReference; lastKnownFileType = file.xib; path = EmployeeTableViewCell.xib; sourceTree = "<group>"; };
		AF434A21244CEC050071C5B4 /* UIImageViewController.swift */ = {isa = PBXFileReference; lastKnownFileType = sourcecode.swift; path = UIImageViewController.swift; sourceTree = "<group>"; };
		B37355A4A98073577E4AA4C4 /* Pods-Self-Learning-Pods.release.xcconfig */ = {isa = PBXFileReference; includeInIndex = 1; lastKnownFileType = text.xcconfig; name = "Pods-Self-Learning-Pods.release.xcconfig"; path = "Target Support Files/Pods-Self-Learning-Pods/Pods-Self-Learning-Pods.release.xcconfig"; sourceTree = "<group>"; };
/* End PBXFileReference section */

/* Begin PBXFrameworksBuildPhase section */
		AF434A01244CA11B0071C5B4 /* Frameworks */ = {
			isa = PBXFrameworksBuildPhase;
			buildActionMask = 2147483647;
			files = (
				A1251F03B2D3F44FC54CFA68 /* Pods_Self_Learning_Pods.framework in Frameworks */,
			);
			runOnlyForDeploymentPostprocessing = 0;
		};
/* End PBXFrameworksBuildPhase section */

/* Begin PBXGroup section */
		0A476CD01ACC3DDE15BC64A2 /* Frameworks */ = {
			isa = PBXGroup;
			children = (
				20FE5BC69787513F515D5F62 /* Pods_Self_Learning_Pods.framework */,
			);
			name = Frameworks;
			sourceTree = "<group>";
		};
		79F3D628E0066349BEDA11FC /* Pods */ = {
			isa = PBXGroup;
			children = (
				488A011E2B578E85778D4DAE /* Pods-Self-Learning-Pods.debug.xcconfig */,
				B37355A4A98073577E4AA4C4 /* Pods-Self-Learning-Pods.release.xcconfig */,
			);
			path = Pods;
			sourceTree = "<group>";
		};
		AF4349FB244CA11B0071C5B4 = {
			isa = PBXGroup;
			children = (
				AF434A06244CA11B0071C5B4 /* Self-Learning-Pods */,
				AF434A05244CA11B0071C5B4 /* Products */,
				79F3D628E0066349BEDA11FC /* Pods */,
				0A476CD01ACC3DDE15BC64A2 /* Frameworks */,
			);
			sourceTree = "<group>";
		};
		AF434A05244CA11B0071C5B4 /* Products */ = {
			isa = PBXGroup;
			children = (
				AF434A04244CA11B0071C5B4 /* Self-Learning-Pods.app */,
			);
			name = Products;
			sourceTree = "<group>";
		};
		AF434A06244CA11B0071C5B4 /* Self-Learning-Pods */ = {
			isa = PBXGroup;
			children = (
				AF434A07244CA11B0071C5B4 /* AppDelegate.swift */,
				AF434A09244CA11B0071C5B4 /* SceneDelegate.swift */,
				AF434A0B244CA11B0071C5B4 /* ViewController.swift */,
				AF434A0D244CA11B0071C5B4 /* Main.storyboard */,
				AF434A10244CA11C0071C5B4 /* Assets.xcassets */,
				AF434A12244CA11C0071C5B4 /* LaunchScreen.storyboard */,
				AF434A15244CA11C0071C5B4 /* Info.plist */,
				AF434A1B244CA6400071C5B4 /* Test.swift */,
				AF434A1D244CC7140071C5B4 /* EmployeeTableViewCell.swift */,
				AF434A1E244CC7140071C5B4 /* EmployeeTableViewCell.xib */,
				AF434A21244CEC050071C5B4 /* UIImageViewController.swift */,
			);
			path = "Self-Learning-Pods";
			sourceTree = "<group>";
		};
/* End PBXGroup section */

/* Begin PBXNativeTarget section */
		AF434A03244CA11B0071C5B4 /* Self-Learning-Pods */ = {
			isa = PBXNativeTarget;
			buildConfigurationList = AF434A18244CA11C0071C5B4 /* Build configuration list for PBXNativeTarget "Self-Learning-Pods" */;
			buildPhases = (
				671EF5F868A1DFCE2AECFAB0 /* [CP] Check Pods Manifest.lock */,
				AF434A00244CA11B0071C5B4 /* Sources */,
				AF434A01244CA11B0071C5B4 /* Frameworks */,
				AF434A02244CA11B0071C5B4 /* Resources */,
				28390DB7C507D6B723AB8CA4 /* [CP] Embed Pods Frameworks */,
			);
			buildRules = (
			);
			dependencies = (
			);
			name = "Self-Learning-Pods";
			productName = "Self-Learning-Pods";
			productReference = AF434A04244CA11B0071C5B4 /* Self-Learning-Pods.app */;
			productType = "com.apple.product-type.application";
		};
/* End PBXNativeTarget section */

/* Begin PBXProject section */
		AF4349FC244CA11B0071C5B4 /* Project object */ = {
			isa = PBXProject;
			attributes = {
				LastSwiftUpdateCheck = 1120;
				LastUpgradeCheck = 1120;
				ORGANIZATIONNAME = "Rohan Kanoo";
				TargetAttributes = {
					AF434A03244CA11B0071C5B4 = {
						CreatedOnToolsVersion = 11.2.1;
					};
				};
			};
			buildConfigurationList = AF4349FF244CA11B0071C5B4 /* Build configuration list for PBXProject "Self-Learning-Pods" */;
			compatibilityVersion = "Xcode 9.3";
			developmentRegion = en;
			hasScannedForEncodings = 0;
			knownRegions = (
				en,
				Base,
			);
			mainGroup = AF4349FB244CA11B0071C5B4;
			productRefGroup = AF434A05244CA11B0071C5B4 /* Products */;
			projectDirPath = "";
			projectRoot = "";
			targets = (
				AF434A03244CA11B0071C5B4 /* Self-Learning-Pods */,
			);
		};
/* End PBXProject section */

/* Begin PBXResourcesBuildPhase section */
		AF434A02244CA11B0071C5B4 /* Resources */ = {
			isa = PBXResourcesBuildPhase;
			buildActionMask = 2147483647;
			files = (
				AF434A14244CA11C0071C5B4 /* LaunchScreen.storyboard in Resources */,
				AF434A20244CC7140071C5B4 /* EmployeeTableViewCell.xib in Resources */,
				AF434A11244CA11C0071C5B4 /* Assets.xcassets in Resources */,
				AF434A0F244CA11B0071C5B4 /* Main.storyboard in Resources */,
			);
			runOnlyForDeploymentPostprocessing = 0;
		};
/* End PBXResourcesBuildPhase section */

/* Begin PBXShellScriptBuildPhase section */
		28390DB7C507D6B723AB8CA4 /* [CP] Embed Pods Frameworks */ = {
			isa = PBXShellScriptBuildPhase;
			buildActionMask = 2147483647;
			files = (
			);
			inputFileListPaths = (
				"${PODS_ROOT}/Target Support Files/Pods-Self-Learning-Pods/Pods-Self-Learning-Pods-frameworks-${CONFIGURATION}-input-files.xcfilelist",
			);
			name = "[CP] Embed Pods Frameworks";
			outputFileListPaths = (
				"${PODS_ROOT}/Target Support Files/Pods-Self-Learning-Pods/Pods-Self-Learning-Pods-frameworks-${CONFIGURATION}-output-files.xcfilelist",
			);
			runOnlyForDeploymentPostprocessing = 0;
			shellPath = /bin/sh;
			shellScript = "\"${PODS_ROOT}/Target Support Files/Pods-Self-Learning-Pods/Pods-Self-Learning-Pods-frameworks.sh\"\n";
			showEnvVarsInLog = 0;
		};
		671EF5F868A1DFCE2AECFAB0 /* [CP] Check Pods Manifest.lock */ = {
			isa = PBXShellScriptBuildPhase;
			buildActionMask = 2147483647;
			files = (
			);
			inputFileListPaths = (
			);
			inputPaths = (
				"${PODS_PODFILE_DIR_PATH}/Podfile.lock",
				"${PODS_ROOT}/Manifest.lock",
			);
			name = "[CP] Check Pods Manifest.lock";
			outputFileListPaths = (
			);
			outputPaths = (
				"$(DERIVED_FILE_DIR)/Pods-Self-Learning-Pods-checkManifestLockResult.txt",
			);
			runOnlyForDeploymentPostprocessing = 0;
			shellPath = /bin/sh;
			shellScript = "diff \"${PODS_PODFILE_DIR_PATH}/Podfile.lock\" \"${PODS_ROOT}/Manifest.lock\" > /dev/null\nif [ $? != 0 ] ; then\n    # print error to STDERR\n    echo \"error: The sandbox is not in sync with the Podfile.lock. Run 'pod install' or update your CocoaPods installation.\" >&2\n    exit 1\nfi\n# This output is used by Xcode 'outputs' to avoid re-running this script phase.\necho \"SUCCESS\" > \"${SCRIPT_OUTPUT_FILE_0}\"\n";
			showEnvVarsInLog = 0;
		};
/* End PBXShellScriptBuildPhase section */

/* Begin PBXSourcesBuildPhase section */
		AF434A00244CA11B0071C5B4 /* Sources */ = {
			isa = PBXSourcesBuildPhase;
			buildActionMask = 2147483647;
			files = (
				AF434A0C244CA11B0071C5B4 /* ViewController.swift in Sources */,
				AF434A1C244CA6400071C5B4 /* Test.swift in Sources */,
				AF434A08244CA11B0071C5B4 /* AppDelegate.swift in Sources */,
				AF434A1F244CC7140071C5B4 /* EmployeeTableViewCell.swift in Sources */,
				AF434A22244CEC050071C5B4 /* UIImageViewController.swift in Sources */,
				AF434A0A244CA11B0071C5B4 /* SceneDelegate.swift in Sources */,
			);
			runOnlyForDeploymentPostprocessing = 0;
		};
/* End PBXSourcesBuildPhase section */

/* Begin PBXVariantGroup section */
		AF434A0D244CA11B0071C5B4 /* Main.storyboard */ = {
			isa = PBXVariantGroup;
			children = (
				AF434A0E244CA11B0071C5B4 /* Base */,
			);
			name = Main.storyboard;
			sourceTree = "<group>";
		};
		AF434A12244CA11C0071C5B4 /* LaunchScreen.storyboard */ = {
			isa = PBXVariantGroup;
			children = (
				AF434A13244CA11C0071C5B4 /* Base */,
			);
			name = LaunchScreen.storyboard;
			sourceTree = "<group>";
		};
/* End PBXVariantGroup section */

/* Begin XCBuildConfiguration section */
		AF434A16244CA11C0071C5B4 /* Debug */ = {
			isa = XCBuildConfiguration;
			buildSettings = {
				ALWAYS_SEARCH_USER_PATHS = NO;
				CLANG_ANALYZER_NONNULL = YES;
				CLANG_ANALYZER_NUMBER_OBJECT_CONVERSION = YES_AGGRESSIVE;
				CLANG_CXX_LANGUAGE_STANDARD = "gnu++14";
				CLANG_CXX_LIBRARY = "libc++";
				CLANG_ENABLE_MODULES = YES;
				CLANG_ENABLE_OBJC_ARC = YES;
				CLANG_ENABLE_OBJC_WEAK = YES;
				CLANG_WARN_BLOCK_CAPTURE_AUTORELEASING = YES;
				CLANG_WARN_BOOL_CONVERSION = YES;
				CLANG_WARN_COMMA = YES;
				CLANG_WARN_CONSTANT_CONVERSION = YES;
				CLANG_WARN_DEPRECATED_OBJC_IMPLEMENTATIONS = YES;
				CLANG_WARN_DIRECT_OBJC_ISA_USAGE = YES_ERROR;
				CLANG_WARN_DOCUMENTATION_COMMENTS = YES;
				CLANG_WARN_EMPTY_BODY = YES;
				CLANG_WARN_ENUM_CONVERSION = YES;
				CLANG_WARN_INFINITE_RECURSION = YES;
				CLANG_WARN_INT_CONVERSION = YES;
				CLANG_WARN_NON_LITERAL_NULL_CONVERSION = YES;
				CLANG_WARN_OBJC_IMPLICIT_RETAIN_SELF = YES;
				CLANG_WARN_OBJC_LITERAL_CONVERSION = YES;
				CLANG_WARN_OBJC_ROOT_CLASS = YES_ERROR;
				CLANG_WARN_RANGE_LOOP_ANALYSIS = YES;
				CLANG_WARN_STRICT_PROTOTYPES = YES;
				CLANG_WARN_SUSPICIOUS_MOVE = YES;
				CLANG_WARN_UNGUARDED_AVAILABILITY = YES_AGGRESSIVE;
				CLANG_WARN_UNREACHABLE_CODE = YES;
				CLANG_WARN__DUPLICATE_METHOD_MATCH = YES;
				COPY_PHASE_STRIP = NO;
				DEBUG_INFORMATION_FORMAT = dwarf;
				ENABLE_STRICT_OBJC_MSGSEND = YES;
				ENABLE_TESTABILITY = YES;
				GCC_C_LANGUAGE_STANDARD = gnu11;
				GCC_DYNAMIC_NO_PIC = NO;
				GCC_NO_COMMON_BLOCKS = YES;
				GCC_OPTIMIZATION_LEVEL = 0;
				GCC_PREPROCESSOR_DEFINITIONS = (
					"DEBUG=1",
					"$(inherited)",
				);
				GCC_WARN_64_TO_32_BIT_CONVERSION = YES;
				GCC_WARN_ABOUT_RETURN_TYPE = YES_ERROR;
				GCC_WARN_UNDECLARED_SELECTOR = YES;
				GCC_WARN_UNINITIALIZED_AUTOS = YES_AGGRESSIVE;
				GCC_WARN_UNUSED_FUNCTION = YES;
				GCC_WARN_UNUSED_VARIABLE = YES;
				IPHONEOS_DEPLOYMENT_TARGET = 13.2;
				MTL_ENABLE_DEBUG_INFO = INCLUDE_SOURCE;
				MTL_FAST_MATH = YES;
				ONLY_ACTIVE_ARCH = YES;
				SDKROOT = iphoneos;
				SWIFT_ACTIVE_COMPILATION_CONDITIONS = DEBUG;
				SWIFT_OPTIMIZATION_LEVEL = "-Onone";
			};
			name = Debug;
		};
		AF434A17244CA11C0071C5B4 /* Release */ = {
			isa = XCBuildConfiguration;
			buildSettings = {
				ALWAYS_SEARCH_USER_PATHS = NO;
				CLANG_ANALYZER_NONNULL = YES;
				CLANG_ANALYZER_NUMBER_OBJECT_CONVERSION = YES_AGGRESSIVE;
				CLANG_CXX_LANGUAGE_STANDARD = "gnu++14";
				CLANG_CXX_LIBRARY = "libc++";
				CLANG_ENABLE_MODULES = YES;
				CLANG_ENABLE_OBJC_ARC = YES;
				CLANG_ENABLE_OBJC_WEAK = YES;
				CLANG_WARN_BLOCK_CAPTURE_AUTORELEASING = YES;
				CLANG_WARN_BOOL_CONVERSION = YES;
				CLANG_WARN_COMMA = YES;
				CLANG_WARN_CONSTANT_CONVERSION = YES;
				CLANG_WARN_DEPRECATED_OBJC_IMPLEMENTATIONS = YES;
				CLANG_WARN_DIRECT_OBJC_ISA_USAGE = YES_ERROR;
				CLANG_WARN_DOCUMENTATION_COMMENTS = YES;
				CLANG_WARN_EMPTY_BODY = YES;
				CLANG_WARN_ENUM_CONVERSION = YES;
				CLANG_WARN_INFINITE_RECURSION = YES;
				CLANG_WARN_INT_CONVERSION = YES;
				CLANG_WARN_NON_LITERAL_NULL_CONVERSION = YES;
				CLANG_WARN_OBJC_IMPLICIT_RETAIN_SELF = YES;
				CLANG_WARN_OBJC_LITERAL_CONVERSION = YES;
				CLANG_WARN_OBJC_ROOT_CLASS = YES_ERROR;
				CLANG_WARN_RANGE_LOOP_ANALYSIS = YES;
				CLANG_WARN_STRICT_PROTOTYPES = YES;
				CLANG_WARN_SUSPICIOUS_MOVE = YES;
				CLANG_WARN_UNGUARDED_AVAILABILITY = YES_AGGRESSIVE;
				CLANG_WARN_UNREACHABLE_CODE = YES;
				CLANG_WARN__DUPLICATE_METHOD_MATCH = YES;
				COPY_PHASE_STRIP = NO;
				DEBUG_INFORMATION_FORMAT = "dwarf-with-dsym";
				ENABLE_NS_ASSERTIONS = NO;
				ENABLE_STRICT_OBJC_MSGSEND = YES;
				GCC_C_LANGUAGE_STANDARD = gnu11;
				GCC_NO_COMMON_BLOCKS = YES;
				GCC_WARN_64_TO_32_BIT_CONVERSION = YES;
				GCC_WARN_ABOUT_RETURN_TYPE = YES_ERROR;
				GCC_WARN_UNDECLARED_SELECTOR = YES;
				GCC_WARN_UNINITIALIZED_AUTOS = YES_AGGRESSIVE;
				GCC_WARN_UNUSED_FUNCTION = YES;
				GCC_WARN_UNUSED_VARIABLE = YES;
				IPHONEOS_DEPLOYMENT_TARGET = 13.2;
				MTL_ENABLE_DEBUG_INFO = NO;
				MTL_FAST_MATH = YES;
				SDKROOT = iphoneos;
				SWIFT_COMPILATION_MODE = wholemodule;
				SWIFT_OPTIMIZATION_LEVEL = "-O";
				VALIDATE_PRODUCT = YES;
			};
			name = Release;
		};
		AF434A19244CA11C0071C5B4 /* Debug */ = {
			isa = XCBuildConfiguration;
			baseConfigurationReference = 488A011E2B578E85778D4DAE /* Pods-Self-Learning-Pods.debug.xcconfig */;
			buildSettings = {
				ASSETCATALOG_COMPILER_APPICON_NAME = AppIcon;
				CODE_SIGN_STYLE = Automatic;
				DEVELOPMENT_TEAM = M86Q5P66Y4;
				INFOPLIST_FILE = "Self-Learning-Pods/Info.plist";
				LD_RUNPATH_SEARCH_PATHS = (
					"$(inherited)",
					"@executable_path/Frameworks",
				);
				PRODUCT_BUNDLE_IDENTIFIER = "com.tothenew.Self-Learning-Pods";
				PRODUCT_NAME = "$(TARGET_NAME)";
				SWIFT_VERSION = 5.0;
				TARGETED_DEVICE_FAMILY = "1,2";
			};
			name = Debug;
		};
		AF434A1A244CA11C0071C5B4 /* Release */ = {
			isa = XCBuildConfiguration;
			baseConfigurationReference = B37355A4A98073577E4AA4C4 /* Pods-Self-Learning-Pods.release.xcconfig */;
			buildSettings = {
				ASSETCATALOG_COMPILER_APPICON_NAME = AppIcon;
				CODE_SIGN_STYLE = Automatic;
				DEVELOPMENT_TEAM = M86Q5P66Y4;
				INFOPLIST_FILE = "Self-Learning-Pods/Info.plist";
				LD_RUNPATH_SEARCH_PATHS = (
					"$(inherited)",
					"@executable_path/Frameworks",
				);
				PRODUCT_BUNDLE_IDENTIFIER = "com.tothenew.Self-Learning-Pods";
				PRODUCT_NAME = "$(TARGET_NAME)";
				SWIFT_VERSION = 5.0;
				TARGETED_DEVICE_FAMILY = "1,2";
			};
			name = Release;
		};
/* End XCBuildConfiguration section */

/* Begin XCConfigurationList section */
		AF4349FF244CA11B0071C5B4 /* Build configuration list for PBXProject "Self-Learning-Pods" */ = {
			isa = XCConfigurationList;
			buildConfigurations = (
				AF434A16244CA11C0071C5B4 /* Debug */,
				AF434A17244CA11C0071C5B4 /* Release */,
			);
			defaultConfigurationIsVisible = 0;
			defaultConfigurationName = Release;
		};
		AF434A18244CA11C0071C5B4 /* Build configuration list for PBXNativeTarget "Self-Learning-Pods" */ = {
			isa = XCConfigurationList;
			buildConfigurations = (
				AF434A19244CA11C0071C5B4 /* Debug */,
				AF434A1A244CA11C0071C5B4 /* Release */,
			);
			defaultConfigurationIsVisible = 0;
			defaultConfigurationName = Release;
		};
/* End XCConfigurationList section */
	};
	rootObject = AF4349FC244CA11B0071C5B4 /* Project object */;
}
